
Microsoft Visual Studio Solution File, Format Version 12.00
# Visual Studio Version 16
VisualStudioVersion = 16.0.30907.101
MinimumVisualStudioVersion = 10.0.40219.1
Project("{9A19103F-16F7-4668-BE54-9A1E7A4F7556}") = "Pokedex", "Pokedex\Pokedex.csproj", "{C20A624C-63E8-4733-B638-86E9991A0949}"
EndProject
Project("{FAE04EC0-301F-11D3-BF4B-00C04F79EFBC}") = "Pokedex.Android", "Pokedex.Android\Pokedex.Android.csproj", "{293DAE46-060E-4497-B324-191CA9A58F59}"
EndProject
Project("{FAE04EC0-301F-11D3-BF4B-00C04F79EFBC}") = "Pokedex.iOS", "Pokedex.iOS\Pokedex.iOS.csproj", "{40E136D3-2F33-4532-B035-5CE6363812C2}"
EndProject
Project("{9A19103F-16F7-4668-BE54-9A1E7A4F7556}") = "Utils", "Utils\Utils.csproj", "{E9C2747C-BF59-480D-A819-0DB9F0580C2C}"
EndProject
Global
	GlobalSection(SolutionConfigurationPlatforms) = preSolution
		Debug|Any CPU = Debug|Any CPU
		Debug|iPhone = Debug|iPhone
		Debug|iPhoneSimulator = Debug|iPhoneSimulator
		Release|Any CPU = Release|Any CPU
		Release|iPhone = Release|iPhone
		Release|iPhoneSimulator = Release|iPhoneSimulator
	EndGlobalSection
	GlobalSection(ProjectConfigurationPlatforms) = postSolution
		{C20A624C-63E8-4733-B638-86E9991A0949}.Debug|Any CPU.ActiveCfg = Debug|Any CPU
		{C20A624C-63E8-4733-B638-86E9991A0949}.Debug|Any CPU.Build.0 = Debug|Any CPU
		{C20A624C-63E8-4733-B638-86E9991A0949}.Debug|iPhone.ActiveCfg = Debug|Any CPU
		{C20A624C-63E8-4733-B638-86E9991A0949}.Debug|iPhone.Build.0 = Debug|Any CPU
		{C20A624C-63E8-4733-B638-86E9991A0949}.Debug|iPhoneSimulator.ActiveCfg = Debug|Any CPU
		{C20A624C-63E8-4733-B638-86E9991A0949}.Debug|iPhoneSimulator.Build.0 = Debug|Any CPU
		{C20A624C-63E8-4733-B638-86E9991A0949}.Release|Any CPU.ActiveCfg = Release|Any CPU
		{C20A624C-63E8-4733-B638-86E9991A0949}.Release|Any CPU.Build.0 = Release|Any CPU
		{C20A624C-63E8-4733-B638-86E9991A0949}.Release|iPhone.ActiveCfg = Release|Any CPU
		{C20A624C-63E8-4733-B638-86E9991A0949}.Release|iPhone.Build.0 = Release|Any CPU
		{C20A624C-63E8-4733-B638-86E9991A0949}.Release|iPhoneSimulator.ActiveCfg = Release|Any CPU
		{C20A624C-63E8-4733-B638-86E9991A0949}.Release|iPhoneSimulator.Build.0 = Release|Any CPU
		{293DAE46-060E-4497-B324-191CA9A58F59}.Debug|Any CPU.ActiveCfg = Debug|Any CPU
		{293DAE46-060E-4497-B324-191CA9A58F59}.Debug|Any CPU.Build.0 = Debug|Any CPU
		{293DAE46-060E-4497-B324-191CA9A58F59}.Debug|Any CPU.Deploy.0 = Debug|Any CPU
		{293DAE46-060E-4497-B324-191CA9A58F59}.Debug|iPhone.ActiveCfg = Debug|Any CPU
		{293DAE46-060E-4497-B324-191CA9A58F59}.Debug|iPhone.Build.0 = Debug|Any CPU
		{293DAE46-060E-4497-B324-191CA9A58F59}.Debug|iPhone.Deploy.0 = Debug|Any CPU
		{293DAE46-060E-4497-B324-191CA9A58F59}.Debug|iPhoneSimulator.ActiveCfg = Debug|Any CPU
		{293DAE46-060E-4497-B324-191CA9A58F59}.Debug|iPhoneSimulator.Build.0 = Debug|Any CPU
		{293DAE46-060E-4497-B324-191CA9A58F59}.Debug|iPhoneSimulator.Deploy.0 = Debug|Any CPU
		{293DAE46-060E-4497-B324-191CA9A58F59}.Release|Any CPU.ActiveCfg = Release|Any CPU
		{293DAE46-060E-4497-B324-191CA9A58F59}.Release|Any CPU.Build.0 = Release|Any CPU
		{293DAE46-060E-4497-B324-191CA9A58F59}.Release|Any CPU.Deploy.0 = Release|Any CPU
		{293DAE46-060E-4497-B324-191CA9A58F59}.Release|iPhone.ActiveCfg = Release|Any CPU
		{293DAE46-060E-4497-B324-191CA9A58F59}.Release|iPhone.Build.0 = Release|Any CPU
		{293DAE46-060E-4497-B324-191CA9A58F59}.Release|iPhone.Deploy.0 = Release|Any CPU
		{293DAE46-060E-4497-B324-191CA9A58F59}.Release|iPhoneSimulator.ActiveCfg = Release|Any CPU
		{293DAE46-060E-4497-B324-191CA9A58F59}.Release|iPhoneSimulator.Build.0 = Release|Any CPU
		{293DAE46-060E-4497-B324-191CA9A58F59}.Release|iPhoneSimulator.Deploy.0 = Release|Any CPU
		{40E136D3-2F33-4532-B035-5CE6363812C2}.Debug|Any CPU.ActiveCfg = Debug|iPhoneSimulator
		{40E136D3-2F33-4532-B035-5CE6363812C2}.Debug|iPhone.ActiveCfg = Debug|iPhone
		{40E136D3-2F33-4532-B035-5CE6363812C2}.Debug|iPhone.Build.0 = Debug|iPhone
		{40E136D3-2F33-4532-B035-5CE6363812C2}.Debug|iPhoneSimulator.ActiveCfg = Debug|iPhoneSimulator
		{40E136D3-2F33-4532-B035-5CE6363812C2}.Debug|iPhoneSimulator.Build.0 = Debug|iPhoneSimulator
		{40E136D3-2F33-4532-B035-5CE6363812C2}.Release|Any CPU.ActiveCfg = Release|iPhoneSimulator
		{40E136D3-2F33-4532-B035-5CE6363812C2}.Release|iPhone.ActiveCfg = Release|iPhone
		{40E136D3-2F33-4532-B035-5CE6363812C2}.Release|iPhone.Build.0 = Release|iPhone
		{40E136D3-2F33-4532-B035-5CE6363812C2}.Release|iPhoneSimulator.ActiveCfg = Release|iPhoneSimulator
		{40E136D3-2F33-4532-B035-5CE6363812C2}.Release|iPhoneSimulator.Build.0 = Release|iPhoneSimulator
		{E9C2747C-BF59-480D-A819-0DB9F0580C2C}.Debug|Any CPU.ActiveCfg = Debug|Any CPU
		{E9C2747C-BF59-480D-A819-0DB9F0580C2C}.Debug|Any CPU.Build.0 = Debug|Any CPU
		{E9C2747C-BF59-480D-A819-0DB9F0580C2C}.Debug|iPhone.ActiveCfg = Debug|Any CPU
		{E9C2747C-BF59-480D-A819-0DB9F0580C2C}.Debug|iPhone.Build.0 = Debug|Any CPU
		{E9C2747C-BF59-480D-A819-0DB9F0580C2C}.Debug|iPhoneSimulator.ActiveCfg = Debug|Any CPU
		{E9C2747C-BF59-480D-A819-0DB9F0580C2C}.Debug|iPhoneSimulator.Build.0 = Debug|Any CPU
		{E9C2747C-BF59-480D-A819-0DB9F0580C2C}.Release|Any CPU.ActiveCfg = Release|Any CPU
		{E9C2747C-BF59-480D-A819-0DB9F0580C2C}.Release|Any CPU.Build.0 = Release|Any CPU
		{E9C2747C-BF59-480D-A819-0DB9F0580C2C}.Release|iPhone.ActiveCfg = Release|Any CPU
		{E9C2747C-BF59-480D-A819-0DB9F0580C2C}.Release|iPhone.Build.0 = Release|Any CPU
		{E9C2747C-BF59-480D-A819-0DB9F0580C2C}.Release|iPhoneSimulator.ActiveCfg = Release|Any CPU
		{E9C2747C-BF59-480D-A819-0DB9F0580C2C}.Release|iPhoneSimulator.Build.0 = Release|Any CPU
	EndGlobalSection
	GlobalSection(SolutionProperties) = preSolution
		HideSolutionNode = FALSE
	EndGlobalSection
	GlobalSection(ExtensibilityGlobals) = postSolution
		SolutionGuid = {F68D913C-C52C-4147-A145-5398BD758026}
	EndGlobalSection
EndGlobal
