
Microsoft Visual Studio Solution File, Format Version 12.00
# Visual Studio Version 16
VisualStudioVersion = 16.0.30907.101
MinimumVisualStudioVersion = 10.0.40219.1
Project("{FAE04EC0-301F-11D3-BF4B-00C04F79EFBC}") = "BCCardReader.Android", "BCCardReader\BCCardReader.Android\BCCardReader.Android.csproj", "{85D4C0D6-C54A-486C-BCF4-2A0939EF2DB9}"
EndProject
Project("{FAE04EC0-301F-11D3-BF4B-00C04F79EFBC}") = "BCCardReader.iOS", "BCCardReader\BCCardReader.iOS\BCCardReader.iOS.csproj", "{743F7B86-50AF-4D08-9E99-269FCDE5532A}"
EndProject
Project("{9A19103F-16F7-4668-BE54-9A1E7A4F7556}") = "BCCardReader", "BCCardReader\BCCardReader\BCCardReader.csproj", "{21386620-AFAE-4AA1-8EA1-0A189DFCA34F}"
EndProject
Project("{FAE04EC0-301F-11D3-BF4B-00C04F79EFBC}") = "Utils", "Utils\Utils.csproj", "{79A53120-53F9-44FF-81DF-723D3CF37051}"
EndProject
Project("{FAE04EC0-301F-11D3-BF4B-00C04F79EFBC}") = "HelloWorld.Android", "HelloWorld\HelloWorld.Android\HelloWorld.Android.csproj", "{C8446F99-DE10-4403-8929-BD0249442477}"
EndProject
Project("{FAE04EC0-301F-11D3-BF4B-00C04F79EFBC}") = "HelloWorld.iOS", "HelloWorld\HelloWorld.iOS\HelloWorld.iOS.csproj", "{3B0354B9-BAD3-44BB-86F6-AC4AA6EE4190}"
EndProject
Project("{FAE04EC0-301F-11D3-BF4B-00C04F79EFBC}") = "HelloWorld", "HelloWorld\HelloWorld\HelloWorld.csproj", "{5AB76083-E4F8-46D8-8C20-82D8E8B3A719}"
EndProject
Project("{2150E333-8FDC-42A3-9474-1A3956D46DE8}") = "BCCardReader", "BCCardReader", "{2E5F56BD-9ABB-4E0D-A561-B8602AC12604}"
EndProject
Project("{2150E333-8FDC-42A3-9474-1A3956D46DE8}") = "HelloWorld", "HelloWorld", "{7130E20E-FE7D-43E2-B206-F73C4B81A1D9}"
EndProject
Project("{FAE04EC0-301F-11D3-BF4B-00C04F79EFBC}") = "CameraTest.Android", "CameraTest\CameraTest.Android\CameraTest.Android.csproj", "{5A2FD006-390E-41B0-BD40-BFAC26DB0467}"
EndProject
Project("{FAE04EC0-301F-11D3-BF4B-00C04F79EFBC}") = "CameraTest.iOS", "CameraTest\CameraTest.iOS\CameraTest.iOS.csproj", "{C6121069-D6A1-4829-9351-43E5DF65AB20}"
EndProject
Project("{FAE04EC0-301F-11D3-BF4B-00C04F79EFBC}") = "CameraTest", "CameraTest\CameraTest\CameraTest.csproj", "{3E52DF71-47B6-49A3-ACAB-E638BE3A179C}"
EndProject
Project("{2150E333-8FDC-42A3-9474-1A3956D46DE8}") = "CameraTest", "CameraTest", "{2CD9189F-6A28-45CC-AE37-D8DDD2FF8A21}"
EndProject
Global
	GlobalSection(SolutionConfigurationPlatforms) = preSolution
		Debug|Any CPU = Debug|Any CPU
		Debug|iPhone = Debug|iPhone
		Debug|iPhoneSimulator = Debug|iPhoneSimulator
		Release|Any CPU = Release|Any CPU
		Release|iPhone = Release|iPhone
		Release|iPhoneSimulator = Release|iPhoneSimulator
	EndGlobalSection
	GlobalSection(ProjectConfigurationPlatforms) = postSolution
		{85D4C0D6-C54A-486C-BCF4-2A0939EF2DB9}.Debug|Any CPU.ActiveCfg = Debug|Any CPU
		{85D4C0D6-C54A-486C-BCF4-2A0939EF2DB9}.Debug|Any CPU.Build.0 = Debug|Any CPU
		{85D4C0D6-C54A-486C-BCF4-2A0939EF2DB9}.Debug|Any CPU.Deploy.0 = Debug|Any CPU
		{85D4C0D6-C54A-486C-BCF4-2A0939EF2DB9}.Debug|iPhone.ActiveCfg = Debug|Any CPU
		{85D4C0D6-C54A-486C-BCF4-2A0939EF2DB9}.Debug|iPhone.Build.0 = Debug|Any CPU
		{85D4C0D6-C54A-486C-BCF4-2A0939EF2DB9}.Debug|iPhone.Deploy.0 = Debug|Any CPU
		{85D4C0D6-C54A-486C-BCF4-2A0939EF2DB9}.Debug|iPhoneSimulator.ActiveCfg = Debug|Any CPU
		{85D4C0D6-C54A-486C-BCF4-2A0939EF2DB9}.Debug|iPhoneSimulator.Build.0 = Debug|Any CPU
		{85D4C0D6-C54A-486C-BCF4-2A0939EF2DB9}.Debug|iPhoneSimulator.Deploy.0 = Debug|Any CPU
		{85D4C0D6-C54A-486C-BCF4-2A0939EF2DB9}.Release|Any CPU.ActiveCfg = Release|Any CPU
		{85D4C0D6-C54A-486C-BCF4-2A0939EF2DB9}.Release|Any CPU.Build.0 = Release|Any CPU
		{85D4C0D6-C54A-486C-BCF4-2A0939EF2DB9}.Release|Any CPU.Deploy.0 = Release|Any CPU
		{85D4C0D6-C54A-486C-BCF4-2A0939EF2DB9}.Release|iPhone.ActiveCfg = Release|Any CPU
		{85D4C0D6-C54A-486C-BCF4-2A0939EF2DB9}.Release|iPhone.Build.0 = Release|Any CPU
		{85D4C0D6-C54A-486C-BCF4-2A0939EF2DB9}.Release|iPhone.Deploy.0 = Release|Any CPU
		{85D4C0D6-C54A-486C-BCF4-2A0939EF2DB9}.Release|iPhoneSimulator.ActiveCfg = Release|Any CPU
		{85D4C0D6-C54A-486C-BCF4-2A0939EF2DB9}.Release|iPhoneSimulator.Build.0 = Release|Any CPU
		{85D4C0D6-C54A-486C-BCF4-2A0939EF2DB9}.Release|iPhoneSimulator.Deploy.0 = Release|Any CPU
		{743F7B86-50AF-4D08-9E99-269FCDE5532A}.Debug|Any CPU.ActiveCfg = Debug|iPhone
		{743F7B86-50AF-4D08-9E99-269FCDE5532A}.Debug|Any CPU.Build.0 = Debug|iPhone
		{743F7B86-50AF-4D08-9E99-269FCDE5532A}.Debug|Any CPU.Deploy.0 = Debug|iPhone
		{743F7B86-50AF-4D08-9E99-269FCDE5532A}.Debug|iPhone.ActiveCfg = Debug|iPhone
		{743F7B86-50AF-4D08-9E99-269FCDE5532A}.Debug|iPhone.Build.0 = Debug|iPhone
		{743F7B86-50AF-4D08-9E99-269FCDE5532A}.Debug|iPhone.Deploy.0 = Debug|iPhone
		{743F7B86-50AF-4D08-9E99-269FCDE5532A}.Debug|iPhoneSimulator.ActiveCfg = Debug|iPhoneSimulator
		{743F7B86-50AF-4D08-9E99-269FCDE5532A}.Debug|iPhoneSimulator.Build.0 = Debug|iPhoneSimulator
		{743F7B86-50AF-4D08-9E99-269FCDE5532A}.Debug|iPhoneSimulator.Deploy.0 = Debug|iPhoneSimulator
		{743F7B86-50AF-4D08-9E99-269FCDE5532A}.Release|Any CPU.ActiveCfg = Release|iPhoneSimulator
		{743F7B86-50AF-4D08-9E99-269FCDE5532A}.Release|Any CPU.Build.0 = Release|iPhoneSimulator
		{743F7B86-50AF-4D08-9E99-269FCDE5532A}.Release|Any CPU.Deploy.0 = Release|iPhoneSimulator
		{743F7B86-50AF-4D08-9E99-269FCDE5532A}.Release|iPhone.ActiveCfg = Release|iPhone
		{743F7B86-50AF-4D08-9E99-269FCDE5532A}.Release|iPhone.Build.0 = Release|iPhone
		{743F7B86-50AF-4D08-9E99-269FCDE5532A}.Release|iPhone.Deploy.0 = Release|iPhone
		{743F7B86-50AF-4D08-9E99-269FCDE5532A}.Release|iPhoneSimulator.ActiveCfg = Release|iPhoneSimulator
		{743F7B86-50AF-4D08-9E99-269FCDE5532A}.Release|iPhoneSimulator.Build.0 = Release|iPhoneSimulator
		{743F7B86-50AF-4D08-9E99-269FCDE5532A}.Release|iPhoneSimulator.Deploy.0 = Release|iPhoneSimulator
		{21386620-AFAE-4AA1-8EA1-0A189DFCA34F}.Debug|Any CPU.ActiveCfg = Debug|Any CPU
		{21386620-AFAE-4AA1-8EA1-0A189DFCA34F}.Debug|Any CPU.Build.0 = Debug|Any CPU
		{21386620-AFAE-4AA1-8EA1-0A189DFCA34F}.Debug|Any CPU.Deploy.0 = Debug|Any CPU
		{21386620-AFAE-4AA1-8EA1-0A189DFCA34F}.Debug|iPhone.ActiveCfg = Debug|Any CPU
		{21386620-AFAE-4AA1-8EA1-0A189DFCA34F}.Debug|iPhone.Build.0 = Debug|Any CPU
		{21386620-AFAE-4AA1-8EA1-0A189DFCA34F}.Debug|iPhone.Deploy.0 = Debug|Any CPU
		{21386620-AFAE-4AA1-8EA1-0A189DFCA34F}.Debug|iPhoneSimulator.ActiveCfg = Debug|Any CPU
		{21386620-AFAE-4AA1-8EA1-0A189DFCA34F}.Debug|iPhoneSimulator.Build.0 = Debug|Any CPU
		{21386620-AFAE-4AA1-8EA1-0A189DFCA34F}.Debug|iPhoneSimulator.Deploy.0 = Debug|Any CPU
		{21386620-AFAE-4AA1-8EA1-0A189DFCA34F}.Release|Any CPU.ActiveCfg = Release|Any CPU
		{21386620-AFAE-4AA1-8EA1-0A189DFCA34F}.Release|Any CPU.Build.0 = Release|Any CPU
		{21386620-AFAE-4AA1-8EA1-0A189DFCA34F}.Release|Any CPU.Deploy.0 = Release|Any CPU
		{21386620-AFAE-4AA1-8EA1-0A189DFCA34F}.Release|iPhone.ActiveCfg = Release|Any CPU
		{21386620-AFAE-4AA1-8EA1-0A189DFCA34F}.Release|iPhone.Build.0 = Release|Any CPU
		{21386620-AFAE-4AA1-8EA1-0A189DFCA34F}.Release|iPhone.Deploy.0 = Release|Any CPU
		{21386620-AFAE-4AA1-8EA1-0A189DFCA34F}.Release|iPhoneSimulator.ActiveCfg = Release|Any CPU
		{21386620-AFAE-4AA1-8EA1-0A189DFCA34F}.Release|iPhoneSimulator.Build.0 = Release|Any CPU
		{21386620-AFAE-4AA1-8EA1-0A189DFCA34F}.Release|iPhoneSimulator.Deploy.0 = Release|Any CPU
		{79A53120-53F9-44FF-81DF-723D3CF37051}.Debug|Any CPU.ActiveCfg = Debug|Any CPU
		{79A53120-53F9-44FF-81DF-723D3CF37051}.Debug|Any CPU.Build.0 = Debug|Any CPU
		{79A53120-53F9-44FF-81DF-723D3CF37051}.Debug|iPhone.ActiveCfg = Debug|Any CPU
		{79A53120-53F9-44FF-81DF-723D3CF37051}.Debug|iPhone.Build.0 = Debug|Any CPU
		{79A53120-53F9-44FF-81DF-723D3CF37051}.Debug|iPhoneSimulator.ActiveCfg = Debug|Any CPU
		{79A53120-53F9-44FF-81DF-723D3CF37051}.Debug|iPhoneSimulator.Build.0 = Debug|Any CPU
		{79A53120-53F9-44FF-81DF-723D3CF37051}.Release|Any CPU.ActiveCfg = Release|Any CPU
		{79A53120-53F9-44FF-81DF-723D3CF37051}.Release|Any CPU.Build.0 = Release|Any CPU
		{79A53120-53F9-44FF-81DF-723D3CF37051}.Release|iPhone.ActiveCfg = Release|Any CPU
		{79A53120-53F9-44FF-81DF-723D3CF37051}.Release|iPhone.Build.0 = Release|Any CPU
		{79A53120-53F9-44FF-81DF-723D3CF37051}.Release|iPhoneSimulator.ActiveCfg = Release|Any CPU
		{79A53120-53F9-44FF-81DF-723D3CF37051}.Release|iPhoneSimulator.Build.0 = Release|Any CPU
		{C8446F99-DE10-4403-8929-BD0249442477}.Debug|Any CPU.ActiveCfg = Debug|Any CPU
		{C8446F99-DE10-4403-8929-BD0249442477}.Debug|Any CPU.Build.0 = Debug|Any CPU
		{C8446F99-DE10-4403-8929-BD0249442477}.Debug|Any CPU.Deploy.0 = Debug|Any CPU
		{C8446F99-DE10-4403-8929-BD0249442477}.Debug|iPhone.ActiveCfg = Debug|Any CPU
		{C8446F99-DE10-4403-8929-BD0249442477}.Debug|iPhone.Build.0 = Debug|Any CPU
		{C8446F99-DE10-4403-8929-BD0249442477}.Debug|iPhone.Deploy.0 = Debug|Any CPU
		{C8446F99-DE10-4403-8929-BD0249442477}.Debug|iPhoneSimulator.ActiveCfg = Debug|Any CPU
		{C8446F99-DE10-4403-8929-BD0249442477}.Debug|iPhoneSimulator.Build.0 = Debug|Any CPU
		{C8446F99-DE10-4403-8929-BD0249442477}.Debug|iPhoneSimulator.Deploy.0 = Debug|Any CPU
		{C8446F99-DE10-4403-8929-BD0249442477}.Release|Any CPU.ActiveCfg = Release|Any CPU
		{C8446F99-DE10-4403-8929-BD0249442477}.Release|Any CPU.Build.0 = Release|Any CPU
		{C8446F99-DE10-4403-8929-BD0249442477}.Release|Any CPU.Deploy.0 = Release|Any CPU
		{C8446F99-DE10-4403-8929-BD0249442477}.Release|iPhone.ActiveCfg = Release|Any CPU
		{C8446F99-DE10-4403-8929-BD0249442477}.Release|iPhone.Build.0 = Release|Any CPU
		{C8446F99-DE10-4403-8929-BD0249442477}.Release|iPhone.Deploy.0 = Release|Any CPU
		{C8446F99-DE10-4403-8929-BD0249442477}.Release|iPhoneSimulator.ActiveCfg = Release|Any CPU
		{C8446F99-DE10-4403-8929-BD0249442477}.Release|iPhoneSimulator.Build.0 = Release|Any CPU
		{C8446F99-DE10-4403-8929-BD0249442477}.Release|iPhoneSimulator.Deploy.0 = Release|Any CPU
		{3B0354B9-BAD3-44BB-86F6-AC4AA6EE4190}.Debug|Any CPU.ActiveCfg = Debug|iPhoneSimulator
		{3B0354B9-BAD3-44BB-86F6-AC4AA6EE4190}.Debug|iPhone.ActiveCfg = Debug|iPhone
		{3B0354B9-BAD3-44BB-86F6-AC4AA6EE4190}.Debug|iPhone.Build.0 = Debug|iPhone
		{3B0354B9-BAD3-44BB-86F6-AC4AA6EE4190}.Debug|iPhoneSimulator.ActiveCfg = Debug|iPhoneSimulator
		{3B0354B9-BAD3-44BB-86F6-AC4AA6EE4190}.Debug|iPhoneSimulator.Build.0 = Debug|iPhoneSimulator
		{3B0354B9-BAD3-44BB-86F6-AC4AA6EE4190}.Release|Any CPU.ActiveCfg = Release|iPhoneSimulator
		{3B0354B9-BAD3-44BB-86F6-AC4AA6EE4190}.Release|iPhone.ActiveCfg = Release|iPhone
		{3B0354B9-BAD3-44BB-86F6-AC4AA6EE4190}.Release|iPhone.Build.0 = Release|iPhone
		{3B0354B9-BAD3-44BB-86F6-AC4AA6EE4190}.Release|iPhoneSimulator.ActiveCfg = Release|iPhoneSimulator
		{3B0354B9-BAD3-44BB-86F6-AC4AA6EE4190}.Release|iPhoneSimulator.Build.0 = Release|iPhoneSimulator
		{5AB76083-E4F8-46D8-8C20-82D8E8B3A719}.Debug|Any CPU.ActiveCfg = Debug|Any CPU
		{5AB76083-E4F8-46D8-8C20-82D8E8B3A719}.Debug|Any CPU.Build.0 = Debug|Any CPU
		{5AB76083-E4F8-46D8-8C20-82D8E8B3A719}.Debug|iPhone.ActiveCfg = Debug|Any CPU
		{5AB76083-E4F8-46D8-8C20-82D8E8B3A719}.Debug|iPhone.Build.0 = Debug|Any CPU
		{5AB76083-E4F8-46D8-8C20-82D8E8B3A719}.Debug|iPhoneSimulator.ActiveCfg = Debug|Any CPU
		{5AB76083-E4F8-46D8-8C20-82D8E8B3A719}.Debug|iPhoneSimulator.Build.0 = Debug|Any CPU
		{5AB76083-E4F8-46D8-8C20-82D8E8B3A719}.Release|Any CPU.ActiveCfg = Release|Any CPU
		{5AB76083-E4F8-46D8-8C20-82D8E8B3A719}.Release|Any CPU.Build.0 = Release|Any CPU
		{5AB76083-E4F8-46D8-8C20-82D8E8B3A719}.Release|iPhone.ActiveCfg = Release|Any CPU
		{5AB76083-E4F8-46D8-8C20-82D8E8B3A719}.Release|iPhone.Build.0 = Release|Any CPU
		{5AB76083-E4F8-46D8-8C20-82D8E8B3A719}.Release|iPhoneSimulator.ActiveCfg = Release|Any CPU
		{5AB76083-E4F8-46D8-8C20-82D8E8B3A719}.Release|iPhoneSimulator.Build.0 = Release|Any CPU
		{5A2FD006-390E-41B0-BD40-BFAC26DB0467}.Debug|Any CPU.ActiveCfg = Debug|Any CPU
		{5A2FD006-390E-41B0-BD40-BFAC26DB0467}.Debug|Any CPU.Build.0 = Debug|Any CPU
		{5A2FD006-390E-41B0-BD40-BFAC26DB0467}.Debug|Any CPU.Deploy.0 = Debug|Any CPU
		{5A2FD006-390E-41B0-BD40-BFAC26DB0467}.Debug|iPhone.ActiveCfg = Debug|Any CPU
		{5A2FD006-390E-41B0-BD40-BFAC26DB0467}.Debug|iPhone.Build.0 = Debug|Any CPU
		{5A2FD006-390E-41B0-BD40-BFAC26DB0467}.Debug|iPhone.Deploy.0 = Debug|Any CPU
		{5A2FD006-390E-41B0-BD40-BFAC26DB0467}.Debug|iPhoneSimulator.ActiveCfg = Debug|Any CPU
		{5A2FD006-390E-41B0-BD40-BFAC26DB0467}.Debug|iPhoneSimulator.Build.0 = Debug|Any CPU
		{5A2FD006-390E-41B0-BD40-BFAC26DB0467}.Debug|iPhoneSimulator.Deploy.0 = Debug|Any CPU
		{5A2FD006-390E-41B0-BD40-BFAC26DB0467}.Release|Any CPU.ActiveCfg = Release|Any CPU
		{5A2FD006-390E-41B0-BD40-BFAC26DB0467}.Release|Any CPU.Build.0 = Release|Any CPU
		{5A2FD006-390E-41B0-BD40-BFAC26DB0467}.Release|Any CPU.Deploy.0 = Release|Any CPU
		{5A2FD006-390E-41B0-BD40-BFAC26DB0467}.Release|iPhone.ActiveCfg = Release|Any CPU
		{5A2FD006-390E-41B0-BD40-BFAC26DB0467}.Release|iPhone.Build.0 = Release|Any CPU
		{5A2FD006-390E-41B0-BD40-BFAC26DB0467}.Release|iPhone.Deploy.0 = Release|Any CPU
		{5A2FD006-390E-41B0-BD40-BFAC26DB0467}.Release|iPhoneSimulator.ActiveCfg = Release|Any CPU
		{5A2FD006-390E-41B0-BD40-BFAC26DB0467}.Release|iPhoneSimulator.Build.0 = Release|Any CPU
		{5A2FD006-390E-41B0-BD40-BFAC26DB0467}.Release|iPhoneSimulator.Deploy.0 = Release|Any CPU
		{C6121069-D6A1-4829-9351-43E5DF65AB20}.Debug|Any CPU.ActiveCfg = Debug|iPhoneSimulator
		{C6121069-D6A1-4829-9351-43E5DF65AB20}.Debug|iPhone.ActiveCfg = Debug|iPhone
		{C6121069-D6A1-4829-9351-43E5DF65AB20}.Debug|iPhone.Build.0 = Debug|iPhone
		{C6121069-D6A1-4829-9351-43E5DF65AB20}.Debug|iPhoneSimulator.ActiveCfg = Debug|iPhoneSimulator
		{C6121069-D6A1-4829-9351-43E5DF65AB20}.Debug|iPhoneSimulator.Build.0 = Debug|iPhoneSimulator
		{C6121069-D6A1-4829-9351-43E5DF65AB20}.Release|Any CPU.ActiveCfg = Release|iPhoneSimulator
		{C6121069-D6A1-4829-9351-43E5DF65AB20}.Release|iPhone.ActiveCfg = Release|iPhone
		{C6121069-D6A1-4829-9351-43E5DF65AB20}.Release|iPhone.Build.0 = Release|iPhone
		{C6121069-D6A1-4829-9351-43E5DF65AB20}.Release|iPhoneSimulator.ActiveCfg = Release|iPhoneSimulator
		{C6121069-D6A1-4829-9351-43E5DF65AB20}.Release|iPhoneSimulator.Build.0 = Release|iPhoneSimulator
		{3E52DF71-47B6-49A3-ACAB-E638BE3A179C}.Debug|Any CPU.ActiveCfg = Debug|Any CPU
		{3E52DF71-47B6-49A3-ACAB-E638BE3A179C}.Debug|Any CPU.Build.0 = Debug|Any CPU
		{3E52DF71-47B6-49A3-ACAB-E638BE3A179C}.Debug|iPhone.ActiveCfg = Debug|Any CPU
		{3E52DF71-47B6-49A3-ACAB-E638BE3A179C}.Debug|iPhone.Build.0 = Debug|Any CPU
		{3E52DF71-47B6-49A3-ACAB-E638BE3A179C}.Debug|iPhoneSimulator.ActiveCfg = Debug|Any CPU
		{3E52DF71-47B6-49A3-ACAB-E638BE3A179C}.Debug|iPhoneSimulator.Build.0 = Debug|Any CPU
		{3E52DF71-47B6-49A3-ACAB-E638BE3A179C}.Release|Any CPU.ActiveCfg = Release|Any CPU
		{3E52DF71-47B6-49A3-ACAB-E638BE3A179C}.Release|Any CPU.Build.0 = Release|Any CPU
		{3E52DF71-47B6-49A3-ACAB-E638BE3A179C}.Release|iPhone.ActiveCfg = Release|Any CPU
		{3E52DF71-47B6-49A3-ACAB-E638BE3A179C}.Release|iPhone.Build.0 = Release|Any CPU
		{3E52DF71-47B6-49A3-ACAB-E638BE3A179C}.Release|iPhoneSimulator.ActiveCfg = Release|Any CPU
		{3E52DF71-47B6-49A3-ACAB-E638BE3A179C}.Release|iPhoneSimulator.Build.0 = Release|Any CPU
	EndGlobalSection
	GlobalSection(SolutionProperties) = preSolution
		HideSolutionNode = FALSE
	EndGlobalSection
	GlobalSection(NestedProjects) = preSolution
		{85D4C0D6-C54A-486C-BCF4-2A0939EF2DB9} = {2E5F56BD-9ABB-4E0D-A561-B8602AC12604}
		{743F7B86-50AF-4D08-9E99-269FCDE5532A} = {2E5F56BD-9ABB-4E0D-A561-B8602AC12604}
		{21386620-AFAE-4AA1-8EA1-0A189DFCA34F} = {2E5F56BD-9ABB-4E0D-A561-B8602AC12604}
		{C8446F99-DE10-4403-8929-BD0249442477} = {7130E20E-FE7D-43E2-B206-F73C4B81A1D9}
		{3B0354B9-BAD3-44BB-86F6-AC4AA6EE4190} = {7130E20E-FE7D-43E2-B206-F73C4B81A1D9}
		{5AB76083-E4F8-46D8-8C20-82D8E8B3A719} = {7130E20E-FE7D-43E2-B206-F73C4B81A1D9}
		{5A2FD006-390E-41B0-BD40-BFAC26DB0467} = {2CD9189F-6A28-45CC-AE37-D8DDD2FF8A21}
		{C6121069-D6A1-4829-9351-43E5DF65AB20} = {2CD9189F-6A28-45CC-AE37-D8DDD2FF8A21}
		{3E52DF71-47B6-49A3-ACAB-E638BE3A179C} = {2CD9189F-6A28-45CC-AE37-D8DDD2FF8A21}
	EndGlobalSection
	GlobalSection(ExtensibilityGlobals) = postSolution
		SolutionGuid = {E475984B-209A-4DF6-A23F-5E6001DAEF3D}
	EndGlobalSection
EndGlobal
